// !$*UTF8*$!
{
	archiveVersion = 1;
	classes = {
	};
	objectVersion = 46;
	objects = {

/* Begin PBXBuildFile section */
		0A1EDFAF06DF30C23E21702B /* Pods_menkyo.framework in Frameworks */ = {isa = PBXBuildFile; fileRef = CC708592266C8DF887BDDF53 /* Pods_menkyo.framework */; };
		2F0EF2EF1DDC2B0C00BF6C19 /* ResultViewController.swift in Sources */ = {isa = PBXBuildFile; fileRef = 2F0EF2EE1DDC2B0C00BF6C19 /* ResultViewController.swift */; };
		2F0EF2F51DDC2F5700BF6C19 /* ResultTableViewCell.swift in Sources */ = {isa = PBXBuildFile; fileRef = 2F0EF2F41DDC2F5700BF6C19 /* ResultTableViewCell.swift */; };
		2F1571381E1276F200F56C95 /* MylistViewController.swift in Sources */ = {isa = PBXBuildFile; fileRef = 2F1571371E1276F200F56C95 /* MylistViewController.swift */; };
		2F15713A1E12778300F56C95 /* MylistTableViewCell.swift in Sources */ = {isa = PBXBuildFile; fileRef = 2F1571391E12778300F56C95 /* MylistTableViewCell.swift */; };
		2F20E77F1DCAE43100EE832D /* KarimenViewController.swift in Sources */ = {isa = PBXBuildFile; fileRef = 2F20E77E1DCAE43100EE832D /* KarimenViewController.swift */; };
		2F3086991DE842DA004F74D3 /* QuestionViewCell.swift in Sources */ = {isa = PBXBuildFile; fileRef = 2F3086981DE842DA004F74D3 /* QuestionViewCell.swift */; };
		2F30869B1DE84520004F74D3 /* QuestionViewController.swift in Sources */ = {isa = PBXBuildFile; fileRef = 2F30869A1DE84520004F74D3 /* QuestionViewController.swift */; };
		2F4A30FB1E1330A200617813 /* HistoryViewController.swift in Sources */ = {isa = PBXBuildFile; fileRef = 2F4A30FA1E1330A200617813 /* HistoryViewController.swift */; };
		2F57124F1E4DD4ED007E036B /* PrivacyViewController.swift in Sources */ = {isa = PBXBuildFile; fileRef = 2F57124E1E4DD4ED007E036B /* PrivacyViewController.swift */; };
		2F6DEB4D1DA61A570014B72E /* InitialViewController.swift in Sources */ = {isa = PBXBuildFile; fileRef = 2F6DEB4C1DA61A570014B72E /* InitialViewController.swift */; };
		2F6DEB4F1DA62DB90014B72E /* RegistViewController.swift in Sources */ = {isa = PBXBuildFile; fileRef = 2F6DEB4E1DA62DB90014B72E /* RegistViewController.swift */; };
		2F71CA7E1DE5933200AD52D4 /* PointsViewController.swift in Sources */ = {isa = PBXBuildFile; fileRef = 2F71CA7D1DE5933200AD52D4 /* PointsViewController.swift */; };
		2FA86B8E1E308F7D002B826B /* CheckReachability.swift in Sources */ = {isa = PBXBuildFile; fileRef = 2FA86B8D1E308F7D002B826B /* CheckReachability.swift */; };
		2FA86B911E308FA6002B826B /* SystemConfiguration.framework in Frameworks */ = {isa = PBXBuildFile; fileRef = 2FA86B901E308FA6002B826B /* SystemConfiguration.framework */; };
		2FA86B931E30C011002B826B /* LoadingProxy.swift in Sources */ = {isa = PBXBuildFile; fileRef = 2FA86B921E30C011002B826B /* LoadingProxy.swift */; };
		2FAE933B1DBE0BBA005A0884 /* RegistTempEndViewController.swift in Sources */ = {isa = PBXBuildFile; fileRef = 2FAE933A1DBE0BBA005A0884 /* RegistTempEndViewController.swift */; };
		2FB353431DD052460052E986 /* KarimenResultViewController.swift in Sources */ = {isa = PBXBuildFile; fileRef = 2FB353421DD052460052E986 /* KarimenResultViewController.swift */; };
		2FDDE1FC1DEEB9CC002179DF /* KikenyosokuViewController.swift in Sources */ = {isa = PBXBuildFile; fileRef = 2FDDE1FB1DEEB9CC002179DF /* KikenyosokuViewController.swift */; };
		2FE2B3C61E497C6E001E105A /* OriginalViewController.swift in Sources */ = {isa = PBXBuildFile; fileRef = 2FE2B3C51E497C6E001E105A /* OriginalViewController.swift */; };
		2FE39BDB1DC1C790007B1626 /* Common.swift in Sources */ = {isa = PBXBuildFile; fileRef = 2FE39BDA1DC1C790007B1626 /* Common.swift */; };
		2FEAD29B1DC3317900658A07 /* LoginViewController.swift in Sources */ = {isa = PBXBuildFile; fileRef = 2FEAD29A1DC3317900658A07 /* LoginViewController.swift */; };
		2FF6CEBB1DCC802300D704F6 /* SwiftyJSON.swift in Sources */ = {isa = PBXBuildFile; fileRef = 2FF6CEBA1DCC802300D704F6 /* SwiftyJSON.swift */; };
		2FFE460B1D97D01300188C76 /* AppDelegate.swift in Sources */ = {isa = PBXBuildFile; fileRef = 2FFE460A1D97D01300188C76 /* AppDelegate.swift */; };
		2FFE460D1D97D01300188C76 /* ViewController.swift in Sources */ = {isa = PBXBuildFile; fileRef = 2FFE460C1D97D01300188C76 /* ViewController.swift */; };
		2FFE46101D97D01300188C76 /* Main.storyboard in Resources */ = {isa = PBXBuildFile; fileRef = 2FFE460E1D97D01300188C76 /* Main.storyboard */; };
		2FFE46121D97D01300188C76 /* Assets.xcassets in Resources */ = {isa = PBXBuildFile; fileRef = 2FFE46111D97D01300188C76 /* Assets.xcassets */; };
		2FFE46151D97D01300188C76 /* LaunchScreen.storyboard in Resources */ = {isa = PBXBuildFile; fileRef = 2FFE46131D97D01300188C76 /* LaunchScreen.storyboard */; };
		2FFE46201D97D01300188C76 /* menkyoTests.swift in Sources */ = {isa = PBXBuildFile; fileRef = 2FFE461F1D97D01300188C76 /* menkyoTests.swift */; };
		2FFE462B1D97D01300188C76 /* menkyoUITests.swift in Sources */ = {isa = PBXBuildFile; fileRef = 2FFE462A1D97D01300188C76 /* menkyoUITests.swift */; };
		5780BC0D9568C25DE4370E95 /* Pods_menkyoTests.framework in Frameworks */ = {isa = PBXBuildFile; fileRef = A90F3CAA1004231356F92D09 /* Pods_menkyoTests.framework */; };
		803084DBA1973BD848B768B2 /* Pods_menkyoUITests.framework in Frameworks */ = {isa = PBXBuildFile; fileRef = 808C211A5FF4A5E75077FB20 /* Pods_menkyoUITests.framework */; };
		E99F512B1F2B422F00DEA955 /* MaintenanceViewController.swift in Sources */ = {isa = PBXBuildFile; fileRef = E99F512A1F2B422F00DEA955 /* MaintenanceViewController.swift */; };
		E9C427DF1F1890CC0056B822 /* Maio.framework in Frameworks */ = {isa = PBXBuildFile; fileRef = E9C427DE1F1890CC0056B822 /* Maio.framework */; };
/* End PBXBuildFile section */

/* Begin PBXContainerItemProxy section */
		2FFE461C1D97D01300188C76 /* PBXContainerItemProxy */ = {
			isa = PBXContainerItemProxy;
			containerPortal = 2FFE45FF1D97D01300188C76 /* Project object */;
			proxyType = 1;
			remoteGlobalIDString = 2FFE46061D97D01300188C76;
			remoteInfo = menkyo;
		};
		2FFE46271D97D01300188C76 /* PBXContainerItemProxy */ = {
			isa = PBXContainerItemProxy;
			containerPortal = 2FFE45FF1D97D01300188C76 /* Project object */;
			proxyType = 1;
			remoteGlobalIDString = 2FFE46061D97D01300188C76;
			remoteInfo = menkyo;
		};
/* End PBXContainerItemProxy section */

/* Begin PBXFileReference section */
		1A2387ADF722CA50A5D93096 /* Pods-menkyo.release.xcconfig */ = {isa = PBXFileReference; includeInIndex = 1; lastKnownFileType = text.xcconfig; name = "Pods-menkyo.release.xcconfig"; path = "Pods/Target Support Files/Pods-menkyo/Pods-menkyo.release.xcconfig"; sourceTree = "<group>"; };
		2072CFEEAF9F1DE3C9ED04DD /* Pods-menkyo.debug.xcconfig */ = {isa = PBXFileReference; includeInIndex = 1; lastKnownFileType = text.xcconfig; name = "Pods-menkyo.debug.xcconfig"; path = "Pods/Target Support Files/Pods-menkyo/Pods-menkyo.debug.xcconfig"; sourceTree = "<group>"; };
		21A2DBCA945AD931783B9108 /* Pods-menkyoUITests.release.xcconfig */ = {isa = PBXFileReference; includeInIndex = 1; lastKnownFileType = text.xcconfig; name = "Pods-menkyoUITests.release.xcconfig"; path = "Pods/Target Support Files/Pods-menkyoUITests/Pods-menkyoUITests.release.xcconfig"; sourceTree = "<group>"; };
		2F0EF2EE1DDC2B0C00BF6C19 /* ResultViewController.swift */ = {isa = PBXFileReference; fileEncoding = 4; lastKnownFileType = sourcecode.swift; path = ResultViewController.swift; sourceTree = "<group>"; };
		2F0EF2F41DDC2F5700BF6C19 /* ResultTableViewCell.swift */ = {isa = PBXFileReference; fileEncoding = 4; lastKnownFileType = sourcecode.swift; path = ResultTableViewCell.swift; sourceTree = "<group>"; };
		2F1571371E1276F200F56C95 /* MylistViewController.swift */ = {isa = PBXFileReference; fileEncoding = 4; lastKnownFileType = sourcecode.swift; path = MylistViewController.swift; sourceTree = "<group>"; };
		2F1571391E12778300F56C95 /* MylistTableViewCell.swift */ = {isa = PBXFileReference; fileEncoding = 4; lastKnownFileType = sourcecode.swift; path = MylistTableViewCell.swift; sourceTree = "<group>"; };
		2F20E77E1DCAE43100EE832D /* KarimenViewController.swift */ = {isa = PBXFileReference; fileEncoding = 4; lastKnownFileType = sourcecode.swift; path = KarimenViewController.swift; sourceTree = "<group>"; };
		2F3086981DE842DA004F74D3 /* QuestionViewCell.swift */ = {isa = PBXFileReference; fileEncoding = 4; lastKnownFileType = sourcecode.swift; path = QuestionViewCell.swift; sourceTree = "<group>"; };
		2F30869A1DE84520004F74D3 /* QuestionViewController.swift */ = {isa = PBXFileReference; fileEncoding = 4; lastKnownFileType = sourcecode.swift; path = QuestionViewController.swift; sourceTree = "<group>"; };
		2F4A30FA1E1330A200617813 /* HistoryViewController.swift */ = {isa = PBXFileReference; fileEncoding = 4; lastKnownFileType = sourcecode.swift; path = HistoryViewController.swift; sourceTree = "<group>"; };
		2F57124E1E4DD4ED007E036B /* PrivacyViewController.swift */ = {isa = PBXFileReference; fileEncoding = 4; lastKnownFileType = sourcecode.swift; path = PrivacyViewController.swift; sourceTree = "<group>"; };
		2F6DEB4C1DA61A570014B72E /* InitialViewController.swift */ = {isa = PBXFileReference; fileEncoding = 4; lastKnownFileType = sourcecode.swift; path = InitialViewController.swift; sourceTree = "<group>"; };
		2F6DEB4E1DA62DB90014B72E /* RegistViewController.swift */ = {isa = PBXFileReference; fileEncoding = 4; lastKnownFileType = sourcecode.swift; lineEnding = 0; path = RegistViewController.swift; sourceTree = "<group>"; xcLanguageSpecificationIdentifier = xcode.lang.swift; };
		2F71CA7D1DE5933200AD52D4 /* PointsViewController.swift */ = {isa = PBXFileReference; fileEncoding = 4; lastKnownFileType = sourcecode.swift; path = PointsViewController.swift; sourceTree = "<group>"; };
		2FA86B8D1E308F7D002B826B /* CheckReachability.swift */ = {isa = PBXFileReference; fileEncoding = 4; lastKnownFileType = sourcecode.swift; path = CheckReachability.swift; sourceTree = "<group>"; };
		2FA86B901E308FA6002B826B /* SystemConfiguration.framework */ = {isa = PBXFileReference; lastKnownFileType = wrapper.framework; name = SystemConfiguration.framework; path = System/Library/Frameworks/SystemConfiguration.framework; sourceTree = SDKROOT; };
		2FA86B921E30C011002B826B /* LoadingProxy.swift */ = {isa = PBXFileReference; fileEncoding = 4; lastKnownFileType = sourcecode.swift; path = LoadingProxy.swift; sourceTree = "<group>"; };
		2FAE933A1DBE0BBA005A0884 /* RegistTempEndViewController.swift */ = {isa = PBXFileReference; fileEncoding = 4; lastKnownFileType = sourcecode.swift; path = RegistTempEndViewController.swift; sourceTree = "<group>"; };
		2FB353421DD052460052E986 /* KarimenResultViewController.swift */ = {isa = PBXFileReference; fileEncoding = 4; lastKnownFileType = sourcecode.swift; path = KarimenResultViewController.swift; sourceTree = "<group>"; };
		2FDDE1FB1DEEB9CC002179DF /* KikenyosokuViewController.swift */ = {isa = PBXFileReference; fileEncoding = 4; lastKnownFileType = sourcecode.swift; path = KikenyosokuViewController.swift; sourceTree = "<group>"; };
		2FE2B3C51E497C6E001E105A /* OriginalViewController.swift */ = {isa = PBXFileReference; fileEncoding = 4; lastKnownFileType = sourcecode.swift; path = OriginalViewController.swift; sourceTree = "<group>"; };
		2FE39BDA1DC1C790007B1626 /* Common.swift */ = {isa = PBXFileReference; fileEncoding = 4; lastKnownFileType = sourcecode.swift; path = Common.swift; sourceTree = "<group>"; };
		2FEAD29A1DC3317900658A07 /* LoginViewController.swift */ = {isa = PBXFileReference; fileEncoding = 4; lastKnownFileType = sourcecode.swift; path = LoginViewController.swift; sourceTree = "<group>"; };
		2FF6CEBA1DCC802300D704F6 /* SwiftyJSON.swift */ = {isa = PBXFileReference; fileEncoding = 4; lastKnownFileType = sourcecode.swift; path = SwiftyJSON.swift; sourceTree = "<group>"; };
		2FFE46071D97D01300188C76 /* menkyo.app */ = {isa = PBXFileReference; explicitFileType = wrapper.application; includeInIndex = 0; path = menkyo.app; sourceTree = BUILT_PRODUCTS_DIR; };
		2FFE460A1D97D01300188C76 /* AppDelegate.swift */ = {isa = PBXFileReference; lastKnownFileType = sourcecode.swift; path = AppDelegate.swift; sourceTree = "<group>"; };
		2FFE460C1D97D01300188C76 /* ViewController.swift */ = {isa = PBXFileReference; lastKnownFileType = sourcecode.swift; path = ViewController.swift; sourceTree = "<group>"; };
		2FFE460F1D97D01300188C76 /* Base */ = {isa = PBXFileReference; lastKnownFileType = file.storyboard; name = Base; path = Base.lproj/Main.storyboard; sourceTree = "<group>"; };
		2FFE46111D97D01300188C76 /* Assets.xcassets */ = {isa = PBXFileReference; lastKnownFileType = folder.assetcatalog; path = Assets.xcassets; sourceTree = "<group>"; };
		2FFE46141D97D01300188C76 /* Base */ = {isa = PBXFileReference; lastKnownFileType = file.storyboard; name = Base; path = Base.lproj/LaunchScreen.storyboard; sourceTree = "<group>"; };
		2FFE46161D97D01300188C76 /* Info.plist */ = {isa = PBXFileReference; lastKnownFileType = text.plist.xml; path = Info.plist; sourceTree = "<group>"; };
		2FFE461B1D97D01300188C76 /* menkyoTests.xctest */ = {isa = PBXFileReference; explicitFileType = wrapper.cfbundle; includeInIndex = 0; path = menkyoTests.xctest; sourceTree = BUILT_PRODUCTS_DIR; };
		2FFE461F1D97D01300188C76 /* menkyoTests.swift */ = {isa = PBXFileReference; lastKnownFileType = sourcecode.swift; path = menkyoTests.swift; sourceTree = "<group>"; };
		2FFE46211D97D01300188C76 /* Info.plist */ = {isa = PBXFileReference; lastKnownFileType = text.plist.xml; path = Info.plist; sourceTree = "<group>"; };
		2FFE46261D97D01300188C76 /* menkyoUITests.xctest */ = {isa = PBXFileReference; explicitFileType = wrapper.cfbundle; includeInIndex = 0; path = menkyoUITests.xctest; sourceTree = BUILT_PRODUCTS_DIR; };
		2FFE462A1D97D01300188C76 /* menkyoUITests.swift */ = {isa = PBXFileReference; lastKnownFileType = sourcecode.swift; path = menkyoUITests.swift; sourceTree = "<group>"; };
		2FFE462C1D97D01300188C76 /* Info.plist */ = {isa = PBXFileReference; lastKnownFileType = text.plist.xml; path = Info.plist; sourceTree = "<group>"; };
		569490710D916F9C3CEF109A /* Pods-menkyoTests.release.xcconfig */ = {isa = PBXFileReference; includeInIndex = 1; lastKnownFileType = text.xcconfig; name = "Pods-menkyoTests.release.xcconfig"; path = "Pods/Target Support Files/Pods-menkyoTests/Pods-menkyoTests.release.xcconfig"; sourceTree = "<group>"; };
		808C211A5FF4A5E75077FB20 /* Pods_menkyoUITests.framework */ = {isa = PBXFileReference; explicitFileType = wrapper.framework; includeInIndex = 0; path = Pods_menkyoUITests.framework; sourceTree = BUILT_PRODUCTS_DIR; };
		A90F3CAA1004231356F92D09 /* Pods_menkyoTests.framework */ = {isa = PBXFileReference; explicitFileType = wrapper.framework; includeInIndex = 0; path = Pods_menkyoTests.framework; sourceTree = BUILT_PRODUCTS_DIR; };
		B4DD99264314FBD3A0F5EA18 /* Pods-menkyoUITests.debug.xcconfig */ = {isa = PBXFileReference; includeInIndex = 1; lastKnownFileType = text.xcconfig; name = "Pods-menkyoUITests.debug.xcconfig"; path = "Pods/Target Support Files/Pods-menkyoUITests/Pods-menkyoUITests.debug.xcconfig"; sourceTree = "<group>"; };
		B5A0BD02B84A73C33E1BD098 /* Pods-menkyoTests.debug.xcconfig */ = {isa = PBXFileReference; includeInIndex = 1; lastKnownFileType = text.xcconfig; name = "Pods-menkyoTests.debug.xcconfig"; path = "Pods/Target Support Files/Pods-menkyoTests/Pods-menkyoTests.debug.xcconfig"; sourceTree = "<group>"; };
		CC708592266C8DF887BDDF53 /* Pods_menkyo.framework */ = {isa = PBXFileReference; explicitFileType = wrapper.framework; includeInIndex = 0; path = Pods_menkyo.framework; sourceTree = BUILT_PRODUCTS_DIR; };
		E99F512A1F2B422F00DEA955 /* MaintenanceViewController.swift */ = {isa = PBXFileReference; fileEncoding = 4; lastKnownFileType = sourcecode.swift; path = MaintenanceViewController.swift; sourceTree = "<group>"; };
		E9C427DE1F1890CC0056B822 /* Maio.framework */ = {isa = PBXFileReference; lastKnownFileType = wrapper.framework; name = Maio.framework; path = menkyo/Maio.framework; sourceTree = "<group>"; };
		E9C427E01F1899FA0056B822 /* menkyo-Bridging-Header.h */ = {isa = PBXFileReference; fileEncoding = 4; lastKnownFileType = sourcecode.c.h; path = "menkyo-Bridging-Header.h"; sourceTree = "<group>"; };
/* End PBXFileReference section */

/* Begin PBXFrameworksBuildPhase section */
		2FFE46041D97D01300188C76 /* Frameworks */ = {
			isa = PBXFrameworksBuildPhase;
			buildActionMask = 2147483647;
			files = (
				E9C427DF1F1890CC0056B822 /* Maio.framework in Frameworks */,
				2FA86B911E308FA6002B826B /* SystemConfiguration.framework in Frameworks */,
				0A1EDFAF06DF30C23E21702B /* Pods_menkyo.framework in Frameworks */,
			);
			runOnlyForDeploymentPostprocessing = 0;
		};
		2FFE46181D97D01300188C76 /* Frameworks */ = {
			isa = PBXFrameworksBuildPhase;
			buildActionMask = 2147483647;
			files = (
				5780BC0D9568C25DE4370E95 /* Pods_menkyoTests.framework in Frameworks */,
			);
			runOnlyForDeploymentPostprocessing = 0;
		};
		2FFE46231D97D01300188C76 /* Frameworks */ = {
			isa = PBXFrameworksBuildPhase;
			buildActionMask = 2147483647;
			files = (
				803084DBA1973BD848B768B2 /* Pods_menkyoUITests.framework in Frameworks */,
			);
			runOnlyForDeploymentPostprocessing = 0;
		};
/* End PBXFrameworksBuildPhase section */

/* Begin PBXGroup section */
		2FA86B8F1E308FA6002B826B /* Frameworks */ = {
			isa = PBXGroup;
			children = (
				E9C427DE1F1890CC0056B822 /* Maio.framework */,
				2FA86B901E308FA6002B826B /* SystemConfiguration.framework */,
				CC708592266C8DF887BDDF53 /* Pods_menkyo.framework */,
				A90F3CAA1004231356F92D09 /* Pods_menkyoTests.framework */,
				808C211A5FF4A5E75077FB20 /* Pods_menkyoUITests.framework */,
			);
			name = Frameworks;
			sourceTree = "<group>";
		};
		2FFE45FE1D97D01300188C76 = {
			isa = PBXGroup;
			children = (
				2FFE46091D97D01300188C76 /* menkyo */,
				2FFE461E1D97D01300188C76 /* menkyoTests */,
				2FFE46291D97D01300188C76 /* menkyoUITests */,
				2FFE46081D97D01300188C76 /* Products */,
				2FA86B8F1E308FA6002B826B /* Frameworks */,
				A81A10F466160511CD427AF2 /* Pods */,
			);
			sourceTree = "<group>";
		};
		2FFE46081D97D01300188C76 /* Products */ = {
			isa = PBXGroup;
			children = (
				2FFE46071D97D01300188C76 /* menkyo.app */,
				2FFE461B1D97D01300188C76 /* menkyoTests.xctest */,
				2FFE46261D97D01300188C76 /* menkyoUITests.xctest */,
			);
			name = Products;
			sourceTree = "<group>";
		};
		2FFE46091D97D01300188C76 /* menkyo */ = {
			isa = PBXGroup;
			children = (
				2FFE460A1D97D01300188C76 /* AppDelegate.swift */,
				E9C427E01F1899FA0056B822 /* menkyo-Bridging-Header.h */,
				2FFE460C1D97D01300188C76 /* ViewController.swift */,
				2FFE460E1D97D01300188C76 /* Main.storyboard */,
				2F3086981DE842DA004F74D3 /* QuestionViewCell.swift */,
				2FB353421DD052460052E986 /* KarimenResultViewController.swift */,
				2FDDE1FB1DEEB9CC002179DF /* KikenyosokuViewController.swift */,
				2F20E77E1DCAE43100EE832D /* KarimenViewController.swift */,
				2F71CA7D1DE5933200AD52D4 /* PointsViewController.swift */,
				2F0EF2F41DDC2F5700BF6C19 /* ResultTableViewCell.swift */,
				2FF6CEBA1DCC802300D704F6 /* SwiftyJSON.swift */,
				2FAE933A1DBE0BBA005A0884 /* RegistTempEndViewController.swift */,
				2F6DEB4C1DA61A570014B72E /* InitialViewController.swift */,
				2F6DEB4E1DA62DB90014B72E /* RegistViewController.swift */,
				2FE39BDA1DC1C790007B1626 /* Common.swift */,
				2FFE46111D97D01300188C76 /* Assets.xcassets */,
				2FFE46131D97D01300188C76 /* LaunchScreen.storyboard */,
				2FFE46161D97D01300188C76 /* Info.plist */,
				2FEAD29A1DC3317900658A07 /* LoginViewController.swift */,
				2F0EF2EE1DDC2B0C00BF6C19 /* ResultViewController.swift */,
				2F30869A1DE84520004F74D3 /* QuestionViewController.swift */,
				2F1571371E1276F200F56C95 /* MylistViewController.swift */,
				2F1571391E12778300F56C95 /* MylistTableViewCell.swift */,
				2F4A30FA1E1330A200617813 /* HistoryViewController.swift */,
				2FA86B8D1E308F7D002B826B /* CheckReachability.swift */,
				2FA86B921E30C011002B826B /* LoadingProxy.swift */,
				2FE2B3C51E497C6E001E105A /* OriginalViewController.swift */,
				2F57124E1E4DD4ED007E036B /* PrivacyViewController.swift */,
				E99F512A1F2B422F00DEA955 /* MaintenanceViewController.swift */,
			);
			path = menkyo;
			sourceTree = "<group>";
		};
		2FFE461E1D97D01300188C76 /* menkyoTests */ = {
			isa = PBXGroup;
			children = (
				2FFE461F1D97D01300188C76 /* menkyoTests.swift */,
				2FFE46211D97D01300188C76 /* Info.plist */,
			);
			path = menkyoTests;
			sourceTree = "<group>";
		};
		2FFE46291D97D01300188C76 /* menkyoUITests */ = {
			isa = PBXGroup;
			children = (
				2FFE462A1D97D01300188C76 /* menkyoUITests.swift */,
				2FFE462C1D97D01300188C76 /* Info.plist */,
			);
			path = menkyoUITests;
			sourceTree = "<group>";
		};
		A81A10F466160511CD427AF2 /* Pods */ = {
			isa = PBXGroup;
			children = (
				2072CFEEAF9F1DE3C9ED04DD /* Pods-menkyo.debug.xcconfig */,
				1A2387ADF722CA50A5D93096 /* Pods-menkyo.release.xcconfig */,
				B5A0BD02B84A73C33E1BD098 /* Pods-menkyoTests.debug.xcconfig */,
				569490710D916F9C3CEF109A /* Pods-menkyoTests.release.xcconfig */,
				B4DD99264314FBD3A0F5EA18 /* Pods-menkyoUITests.debug.xcconfig */,
				21A2DBCA945AD931783B9108 /* Pods-menkyoUITests.release.xcconfig */,
			);
			name = Pods;
			sourceTree = "<group>";
		};
/* End PBXGroup section */

/* Begin PBXNativeTarget section */
		2FFE46061D97D01300188C76 /* menkyo */ = {
			isa = PBXNativeTarget;
			buildConfigurationList = 2FFE462F1D97D01300188C76 /* Build configuration list for PBXNativeTarget "menkyo" */;
			buildPhases = (
				2755BC2A63471DB83B5AF611 /* [CP] Check Pods Manifest.lock */,
				2FFE46031D97D01300188C76 /* Sources */,
				2FFE46041D97D01300188C76 /* Frameworks */,
				2FFE46051D97D01300188C76 /* Resources */,
				A9CFF7ED73B03FF8136446AB /* [CP] Embed Pods Frameworks */,
				A233713637BB5E1147374873 /* [CP] Copy Pods Resources */,
			);
			buildRules = (
			);
			dependencies = (
			);
			name = menkyo;
			productName = menkyo;
			productReference = 2FFE46071D97D01300188C76 /* menkyo.app */;
			productType = "com.apple.product-type.application";
		};
		2FFE461A1D97D01300188C76 /* menkyoTests */ = {
			isa = PBXNativeTarget;
			buildConfigurationList = 2FFE46321D97D01300188C76 /* Build configuration list for PBXNativeTarget "menkyoTests" */;
			buildPhases = (
				D6463659A88980A2947F7732 /* [CP] Check Pods Manifest.lock */,
				2FFE46171D97D01300188C76 /* Sources */,
				2FFE46181D97D01300188C76 /* Frameworks */,
				2FFE46191D97D01300188C76 /* Resources */,
				46871078548D5426165C8690 /* [CP] Embed Pods Frameworks */,
				5A806FCEED9FFFFD933B8B2B /* [CP] Copy Pods Resources */,
			);
			buildRules = (
			);
			dependencies = (
				2FFE461D1D97D01300188C76 /* PBXTargetDependency */,
			);
			name = menkyoTests;
			productName = menkyoTests;
			productReference = 2FFE461B1D97D01300188C76 /* menkyoTests.xctest */;
			productType = "com.apple.product-type.bundle.unit-test";
		};
		2FFE46251D97D01300188C76 /* menkyoUITests */ = {
			isa = PBXNativeTarget;
			buildConfigurationList = 2FFE46351D97D01300188C76 /* Build configuration list for PBXNativeTarget "menkyoUITests" */;
			buildPhases = (
				2BB3A35F56580380CA0DC76A /* [CP] Check Pods Manifest.lock */,
				2FFE46221D97D01300188C76 /* Sources */,
				2FFE46231D97D01300188C76 /* Frameworks */,
				2FFE46241D97D01300188C76 /* Resources */,
				1490A33F06E2538598F73D38 /* [CP] Embed Pods Frameworks */,
				93D579C14378296CCB5673CF /* [CP] Copy Pods Resources */,
			);
			buildRules = (
			);
			dependencies = (
				2FFE46281D97D01300188C76 /* PBXTargetDependency */,
			);
			name = menkyoUITests;
			productName = menkyoUITests;
			productReference = 2FFE46261D97D01300188C76 /* menkyoUITests.xctest */;
			productType = "com.apple.product-type.bundle.ui-testing";
		};
/* End PBXNativeTarget section */

/* Begin PBXProject section */
		2FFE45FF1D97D01300188C76 /* Project object */ = {
			isa = PBXProject;
			attributes = {
				LastSwiftUpdateCheck = 0800;
				LastUpgradeCheck = 0830;
				ORGANIZATIONNAME = infosquare;
				TargetAttributes = {
					2FFE46061D97D01300188C76 = {
						CreatedOnToolsVersion = 8.0;
						DevelopmentTeam = 5DVW6QFX47;
						ProvisioningStyle = Automatic;
					};
					2FFE461A1D97D01300188C76 = {
						CreatedOnToolsVersion = 8.0;
						ProvisioningStyle = Automatic;
						TestTargetID = 2FFE46061D97D01300188C76;
					};
					2FFE46251D97D01300188C76 = {
						CreatedOnToolsVersion = 8.0;
						ProvisioningStyle = Automatic;
						TestTargetID = 2FFE46061D97D01300188C76;
					};
				};
			};
			buildConfigurationList = 2FFE46021D97D01300188C76 /* Build configuration list for PBXProject "menkyo" */;
			compatibilityVersion = "Xcode 3.2";
			developmentRegion = English;
			hasScannedForEncodings = 0;
			knownRegions = (
				en,
				Base,
			);
			mainGroup = 2FFE45FE1D97D01300188C76;
			productRefGroup = 2FFE46081D97D01300188C76 /* Products */;
			projectDirPath = "";
			projectRoot = "";
			targets = (
				2FFE46061D97D01300188C76 /* menkyo */,
				2FFE461A1D97D01300188C76 /* menkyoTests */,
				2FFE46251D97D01300188C76 /* menkyoUITests */,
			);
		};
/* End PBXProject section */

/* Begin PBXResourcesBuildPhase section */
		2FFE46051D97D01300188C76 /* Resources */ = {
			isa = PBXResourcesBuildPhase;
			buildActionMask = 2147483647;
			files = (
				2FFE46151D97D01300188C76 /* LaunchScreen.storyboard in Resources */,
				2FFE46121D97D01300188C76 /* Assets.xcassets in Resources */,
				2FFE46101D97D01300188C76 /* Main.storyboard in Resources */,
			);
			runOnlyForDeploymentPostprocessing = 0;
		};
		2FFE46191D97D01300188C76 /* Resources */ = {
			isa = PBXResourcesBuildPhase;
			buildActionMask = 2147483647;
			files = (
			);
			runOnlyForDeploymentPostprocessing = 0;
		};
		2FFE46241D97D01300188C76 /* Resources */ = {
			isa = PBXResourcesBuildPhase;
			buildActionMask = 2147483647;
			files = (
			);
			runOnlyForDeploymentPostprocessing = 0;
		};
/* End PBXResourcesBuildPhase section */

/* Begin PBXShellScriptBuildPhase section */
		1490A33F06E2538598F73D38 /* [CP] Embed Pods Frameworks */ = {
			isa = PBXShellScriptBuildPhase;
			buildActionMask = 2147483647;
			files = (
			);
			inputPaths = (
			);
			name = "[CP] Embed Pods Frameworks";
			outputPaths = (
			);
			runOnlyForDeploymentPostprocessing = 0;
			shellPath = /bin/sh;
			shellScript = "\"${SRCROOT}/Pods/Target Support Files/Pods-menkyoUITests/Pods-menkyoUITests-frameworks.sh\"\n";
			showEnvVarsInLog = 0;
		};
		2755BC2A63471DB83B5AF611 /* [CP] Check Pods Manifest.lock */ = {
			isa = PBXShellScriptBuildPhase;
			buildActionMask = 2147483647;
			files = (
			);
			inputPaths = (
				"${PODS_PODFILE_DIR_PATH}/Podfile.lock",
				"${PODS_ROOT}/Manifest.lock",
			);
			name = "[CP] Check Pods Manifest.lock";
			outputPaths = (
				"$(DERIVED_FILE_DIR)/Pods-menkyo-checkManifestLockResult.txt",
			);
			runOnlyForDeploymentPostprocessing = 0;
			shellPath = /bin/sh;
			shellScript = "diff \"${PODS_PODFILE_DIR_PATH}/Podfile.lock\" \"${PODS_ROOT}/Manifest.lock\" > /dev/null\nif [ $? != 0 ] ; then\n    # print error to STDERR\n    echo \"error: The sandbox is not in sync with the Podfile.lock. Run 'pod install' or update your CocoaPods installation.\" >&2\n    exit 1\nfi\n# This output is used by Xcode 'outputs' to avoid re-running this script phase.\necho \"SUCCESS\" > \"${SCRIPT_OUTPUT_FILE_0}\"\n";
			showEnvVarsInLog = 0;
		};
		2BB3A35F56580380CA0DC76A /* [CP] Check Pods Manifest.lock */ = {
			isa = PBXShellScriptBuildPhase;
			buildActionMask = 2147483647;
			files = (
			);
			inputPaths = (
				"${PODS_PODFILE_DIR_PATH}/Podfile.lock",
				"${PODS_ROOT}/Manifest.lock",
			);
			name = "[CP] Check Pods Manifest.lock";
			outputPaths = (
				"$(DERIVED_FILE_DIR)/Pods-menkyoUITests-checkManifestLockResult.txt",
			);
			runOnlyForDeploymentPostprocessing = 0;
			shellPath = /bin/sh;
			shellScript = "diff \"${PODS_PODFILE_DIR_PATH}/Podfile.lock\" \"${PODS_ROOT}/Manifest.lock\" > /dev/null\nif [ $? != 0 ] ; then\n    # print error to STDERR\n    echo \"error: The sandbox is not in sync with the Podfile.lock. Run 'pod install' or update your CocoaPods installation.\" >&2\n    exit 1\nfi\n# This output is used by Xcode 'outputs' to avoid re-running this script phase.\necho \"SUCCESS\" > \"${SCRIPT_OUTPUT_FILE_0}\"\n";
			showEnvVarsInLog = 0;
		};
		46871078548D5426165C8690 /* [CP] Embed Pods Frameworks */ = {
			isa = PBXShellScriptBuildPhase;
			buildActionMask = 2147483647;
			files = (
			);
			inputPaths = (
			);
			name = "[CP] Embed Pods Frameworks";
			outputPaths = (
			);
			runOnlyForDeploymentPostprocessing = 0;
			shellPath = /bin/sh;
			shellScript = "\"${SRCROOT}/Pods/Target Support Files/Pods-menkyoTests/Pods-menkyoTests-frameworks.sh\"\n";
			showEnvVarsInLog = 0;
		};
		5A806FCEED9FFFFD933B8B2B /* [CP] Copy Pods Resources */ = {
			isa = PBXShellScriptBuildPhase;
			buildActionMask = 2147483647;
			files = (
			);
			inputPaths = (
			);
			name = "[CP] Copy Pods Resources";
			outputPaths = (
			);
			runOnlyForDeploymentPostprocessing = 0;
			shellPath = /bin/sh;
			shellScript = "\"${SRCROOT}/Pods/Target Support Files/Pods-menkyoTests/Pods-menkyoTests-resources.sh\"\n";
			showEnvVarsInLog = 0;
		};
		93D579C14378296CCB5673CF /* [CP] Copy Pods Resources */ = {
			isa = PBXShellScriptBuildPhase;
			buildActionMask = 2147483647;
			files = (
			);
			inputPaths = (
			);
			name = "[CP] Copy Pods Resources";
			outputPaths = (
			);
			runOnlyForDeploymentPostprocessing = 0;
			shellPath = /bin/sh;
			shellScript = "\"${SRCROOT}/Pods/Target Support Files/Pods-menkyoUITests/Pods-menkyoUITests-resources.sh\"\n";
			showEnvVarsInLog = 0;
		};
		A233713637BB5E1147374873 /* [CP] Copy Pods Resources */ = {
			isa = PBXShellScriptBuildPhase;
			buildActionMask = 2147483647;
			files = (
			);
			inputPaths = (
				"${SRCROOT}/Pods/Target Support Files/Pods-menkyo/Pods-menkyo-resources.sh",
				"${PODS_ROOT}/FluctSDK/FluctSDK/GSMMovieResources.bundle",
			);
			name = "[CP] Copy Pods Resources";
			outputPaths = (
				"${TARGET_BUILD_DIR}/${UNLOCALIZED_RESOURCES_FOLDER_PATH}",
			);
			runOnlyForDeploymentPostprocessing = 0;
			shellPath = /bin/sh;
			shellScript = "\"${SRCROOT}/Pods/Target Support Files/Pods-menkyo/Pods-menkyo-resources.sh\"\n";
			showEnvVarsInLog = 0;
		};
		A9CFF7ED73B03FF8136446AB /* [CP] Embed Pods Frameworks */ = {
			isa = PBXShellScriptBuildPhase;
			buildActionMask = 2147483647;
			files = (
			);
			inputPaths = (
				"${SRCROOT}/Pods/Target Support Files/Pods-menkyo/Pods-menkyo-frameworks.sh",
				"${BUILT_PRODUCTS_DIR}/SVProgressHUD/SVProgressHUD.framework",
			);
			name = "[CP] Embed Pods Frameworks";
			outputPaths = (
				"${TARGET_BUILD_DIR}/${FRAMEWORKS_FOLDER_PATH}/SVProgressHUD.framework",
			);
			runOnlyForDeploymentPostprocessing = 0;
			shellPath = /bin/sh;
			shellScript = "\"${SRCROOT}/Pods/Target Support Files/Pods-menkyo/Pods-menkyo-frameworks.sh\"\n";
			showEnvVarsInLog = 0;
		};
		D6463659A88980A2947F7732 /* [CP] Check Pods Manifest.lock */ = {
			isa = PBXShellScriptBuildPhase;
			buildActionMask = 2147483647;
			files = (
			);
			inputPaths = (
				"${PODS_PODFILE_DIR_PATH}/Podfile.lock",
				"${PODS_ROOT}/Manifest.lock",
			);
			name = "[CP] Check Pods Manifest.lock";
			outputPaths = (
				"$(DERIVED_FILE_DIR)/Pods-menkyoTests-checkManifestLockResult.txt",
			);
			runOnlyForDeploymentPostprocessing = 0;
			shellPath = /bin/sh;
			shellScript = "diff \"${PODS_PODFILE_DIR_PATH}/Podfile.lock\" \"${PODS_ROOT}/Manifest.lock\" > /dev/null\nif [ $? != 0 ] ; then\n    # print error to STDERR\n    echo \"error: The sandbox is not in sync with the Podfile.lock. Run 'pod install' or update your CocoaPods installation.\" >&2\n    exit 1\nfi\n# This output is used by Xcode 'outputs' to avoid re-running this script phase.\necho \"SUCCESS\" > \"${SCRIPT_OUTPUT_FILE_0}\"\n";
			showEnvVarsInLog = 0;
		};
/* End PBXShellScriptBuildPhase section */

/* Begin PBXSourcesBuildPhase section */
		2FFE46031D97D01300188C76 /* Sources */ = {
			isa = PBXSourcesBuildPhase;
			buildActionMask = 2147483647;
			files = (
				2F57124F1E4DD4ED007E036B /* PrivacyViewController.swift in Sources */,
				2F71CA7E1DE5933200AD52D4 /* PointsViewController.swift in Sources */,
				2FA86B8E1E308F7D002B826B /* CheckReachability.swift in Sources */,
				2F1571381E1276F200F56C95 /* MylistViewController.swift in Sources */,
				2FE2B3C61E497C6E001E105A /* OriginalViewController.swift in Sources */,
				2F20E77F1DCAE43100EE832D /* KarimenViewController.swift in Sources */,
				2F15713A1E12778300F56C95 /* MylistTableViewCell.swift in Sources */,
				2FB353431DD052460052E986 /* KarimenResultViewController.swift in Sources */,
				2FA86B931E30C011002B826B /* LoadingProxy.swift in Sources */,
				2FEAD29B1DC3317900658A07 /* LoginViewController.swift in Sources */,
				2F6DEB4D1DA61A570014B72E /* InitialViewController.swift in Sources */,
				2FDDE1FC1DEEB9CC002179DF /* KikenyosokuViewController.swift in Sources */,
				2FF6CEBB1DCC802300D704F6 /* SwiftyJSON.swift in Sources */,
				2FFE460D1D97D01300188C76 /* ViewController.swift in Sources */,
				2FAE933B1DBE0BBA005A0884 /* RegistTempEndViewController.swift in Sources */,
				2F6DEB4F1DA62DB90014B72E /* RegistViewController.swift in Sources */,
				2F0EF2EF1DDC2B0C00BF6C19 /* ResultViewController.swift in Sources */,
				2F3086991DE842DA004F74D3 /* QuestionViewCell.swift in Sources */,
				2F30869B1DE84520004F74D3 /* QuestionViewController.swift in Sources */,
				2FE39BDB1DC1C790007B1626 /* Common.swift in Sources */,
				E99F512B1F2B422F00DEA955 /* MaintenanceViewController.swift in Sources */,
				2F4A30FB1E1330A200617813 /* HistoryViewController.swift in Sources */,
				2F0EF2F51DDC2F5700BF6C19 /* ResultTableViewCell.swift in Sources */,
				2FFE460B1D97D01300188C76 /* AppDelegate.swift in Sources */,
			);
			runOnlyForDeploymentPostprocessing = 0;
		};
		2FFE46171D97D01300188C76 /* Sources */ = {
			isa = PBXSourcesBuildPhase;
			buildActionMask = 2147483647;
			files = (
				2FFE46201D97D01300188C76 /* menkyoTests.swift in Sources */,
			);
			runOnlyForDeploymentPostprocessing = 0;
		};
		2FFE46221D97D01300188C76 /* Sources */ = {
			isa = PBXSourcesBuildPhase;
			buildActionMask = 2147483647;
			files = (
				2FFE462B1D97D01300188C76 /* menkyoUITests.swift in Sources */,
			);
			runOnlyForDeploymentPostprocessing = 0;
		};
/* End PBXSourcesBuildPhase section */

/* Begin PBXTargetDependency section */
		2FFE461D1D97D01300188C76 /* PBXTargetDependency */ = {
			isa = PBXTargetDependency;
			target = 2FFE46061D97D01300188C76 /* menkyo */;
			targetProxy = 2FFE461C1D97D01300188C76 /* PBXContainerItemProxy */;
		};
		2FFE46281D97D01300188C76 /* PBXTargetDependency */ = {
			isa = PBXTargetDependency;
			target = 2FFE46061D97D01300188C76 /* menkyo */;
			targetProxy = 2FFE46271D97D01300188C76 /* PBXContainerItemProxy */;
		};
/* End PBXTargetDependency section */

/* Begin PBXVariantGroup section */
		2FFE460E1D97D01300188C76 /* Main.storyboard */ = {
			isa = PBXVariantGroup;
			children = (
				2FFE460F1D97D01300188C76 /* Base */,
			);
			name = Main.storyboard;
			sourceTree = "<group>";
		};
		2FFE46131D97D01300188C76 /* LaunchScreen.storyboard */ = {
			isa = PBXVariantGroup;
			children = (
				2FFE46141D97D01300188C76 /* Base */,
			);
			name = LaunchScreen.storyboard;
			sourceTree = "<group>";
		};
/* End PBXVariantGroup section */

/* Begin XCBuildConfiguration section */
		2FFE462D1D97D01300188C76 /* Debug */ = {
			isa = XCBuildConfiguration;
			buildSettings = {
				ALWAYS_SEARCH_USER_PATHS = NO;
				CLANG_ANALYZER_NONNULL = YES;
				CLANG_CXX_LANGUAGE_STANDARD = "gnu++0x";
				CLANG_CXX_LIBRARY = "libc++";
				CLANG_ENABLE_MODULES = YES;
				CLANG_ENABLE_OBJC_ARC = YES;
				CLANG_WARN_BOOL_CONVERSION = YES;
				CLANG_WARN_CONSTANT_CONVERSION = YES;
				CLANG_WARN_DIRECT_OBJC_ISA_USAGE = YES_ERROR;
				CLANG_WARN_DOCUMENTATION_COMMENTS = YES;
				CLANG_WARN_EMPTY_BODY = YES;
				CLANG_WARN_ENUM_CONVERSION = YES;
				CLANG_WARN_INFINITE_RECURSION = YES;
				CLANG_WARN_INT_CONVERSION = YES;
				CLANG_WARN_OBJC_ROOT_CLASS = YES_ERROR;
				CLANG_WARN_SUSPICIOUS_MOVE = YES;
				CLANG_WARN_SUSPICIOUS_MOVES = YES;
				CLANG_WARN_UNREACHABLE_CODE = YES;
				CLANG_WARN__DUPLICATE_METHOD_MATCH = YES;
				CODE_SIGN_IDENTITY = "iPhone Developer";
				"CODE_SIGN_IDENTITY[sdk=iphoneos*]" = "iPhone Developer";
				COPY_PHASE_STRIP = NO;
				DEBUG_INFORMATION_FORMAT = dwarf;
				ENABLE_STRICT_OBJC_MSGSEND = YES;
				ENABLE_TESTABILITY = YES;
				GCC_C_LANGUAGE_STANDARD = gnu99;
				GCC_DYNAMIC_NO_PIC = NO;
				GCC_NO_COMMON_BLOCKS = YES;
				GCC_OPTIMIZATION_LEVEL = 0;
				GCC_PREPROCESSOR_DEFINITIONS = (
					"DEBUG=1",
					"$(inherited)",
				);
				GCC_WARN_64_TO_32_BIT_CONVERSION = YES;
				GCC_WARN_ABOUT_RETURN_TYPE = YES_ERROR;
				GCC_WARN_UNDECLARED_SELECTOR = YES;
				GCC_WARN_UNINITIALIZED_AUTOS = YES_AGGRESSIVE;
				GCC_WARN_UNUSED_FUNCTION = YES;
				GCC_WARN_UNUSED_VARIABLE = YES;
				IPHONEOS_DEPLOYMENT_TARGET = 10.0;
				MTL_ENABLE_DEBUG_INFO = YES;
				ONLY_ACTIVE_ARCH = YES;
				SDKROOT = iphoneos;
				SWIFT_ACTIVE_COMPILATION_CONDITIONS = DEBUG;
				SWIFT_OPTIMIZATION_LEVEL = "-Onone";
			};
			name = Debug;
		};
		2FFE462E1D97D01300188C76 /* Release */ = {
			isa = XCBuildConfiguration;
			buildSettings = {
				ALWAYS_SEARCH_USER_PATHS = NO;
				CLANG_ANALYZER_NONNULL = YES;
				CLANG_CXX_LANGUAGE_STANDARD = "gnu++0x";
				CLANG_CXX_LIBRARY = "libc++";
				CLANG_ENABLE_MODULES = YES;
				CLANG_ENABLE_OBJC_ARC = YES;
				CLANG_WARN_BOOL_CONVERSION = YES;
				CLANG_WARN_CONSTANT_CONVERSION = YES;
				CLANG_WARN_DIRECT_OBJC_ISA_USAGE = YES_ERROR;
				CLANG_WARN_DOCUMENTATION_COMMENTS = YES;
				CLANG_WARN_EMPTY_BODY = YES;
				CLANG_WARN_ENUM_CONVERSION = YES;
				CLANG_WARN_INFINITE_RECURSION = YES;
				CLANG_WARN_INT_CONVERSION = YES;
				CLANG_WARN_OBJC_ROOT_CLASS = YES_ERROR;
				CLANG_WARN_SUSPICIOUS_MOVE = YES;
				CLANG_WARN_SUSPICIOUS_MOVES = YES;
				CLANG_WARN_UNREACHABLE_CODE = YES;
				CLANG_WARN__DUPLICATE_METHOD_MATCH = YES;
				CODE_SIGN_IDENTITY = "iPhone Distribution: PASSEND K.K. (5DVW6QFX47)";
				"CODE_SIGN_IDENTITY[sdk=iphoneos*]" = "iPhone Distribution: PASSEND K.K. (5DVW6QFX47)";
				COPY_PHASE_STRIP = NO;
				DEBUG_INFORMATION_FORMAT = "dwarf-with-dsym";
				ENABLE_NS_ASSERTIONS = NO;
				ENABLE_STRICT_OBJC_MSGSEND = YES;
				GCC_C_LANGUAGE_STANDARD = gnu99;
				GCC_NO_COMMON_BLOCKS = YES;
				GCC_WARN_64_TO_32_BIT_CONVERSION = YES;
				GCC_WARN_ABOUT_RETURN_TYPE = YES_ERROR;
				GCC_WARN_UNDECLARED_SELECTOR = YES;
				GCC_WARN_UNINITIALIZED_AUTOS = YES_AGGRESSIVE;
				GCC_WARN_UNUSED_FUNCTION = YES;
				GCC_WARN_UNUSED_VARIABLE = YES;
				IPHONEOS_DEPLOYMENT_TARGET = 10.0;
				MTL_ENABLE_DEBUG_INFO = NO;
				SDKROOT = iphoneos;
				SWIFT_OPTIMIZATION_LEVEL = "-Owholemodule";
				VALIDATE_PRODUCT = YES;
			};
			name = Release;
		};
		2FFE46301D97D01300188C76 /* Debug */ = {
			isa = XCBuildConfiguration;
			baseConfigurationReference = 2072CFEEAF9F1DE3C9ED04DD /* Pods-menkyo.debug.xcconfig */;
			buildSettings = {
				ALWAYS_SEARCH_USER_PATHS = NO;
				ASSETCATALOG_COMPILER_APPICON_NAME = AppIcon;
				CODE_SIGN_IDENTITY = "iPhone Developer";
				"CODE_SIGN_IDENTITY[sdk=iphoneos*]" = "iPhone Developer";
				DEVELOPMENT_TEAM = 5DVW6QFX47;
				FRAMEWORK_SEARCH_PATHS = (
					"$(inherited)",
					"$(PROJECT_DIR)/menkyo",
				);
				INFOPLIST_FILE = menkyo/Info.plist;
				LD_RUNPATH_SEARCH_PATHS = "$(inherited) @executable_path/Frameworks";
				PRODUCT_BUNDLE_IDENTIFIER = net.shikakun.menkyo.exam;
				PRODUCT_NAME = "$(TARGET_NAME)";
				PROVISIONING_PROFILE = "";
				SWIFT_OBJC_BRIDGING_HEADER = "$(SRCROOT)/$(PRODUCT)/menkyo/menkyo-Bridging-Header.h";
				SWIFT_VERSION = 3.0;
				TARGETED_DEVICE_FAMILY = "1,2";
			};
			name = Debug;
		};
		2FFE46311D97D01300188C76 /* Release */ = {
			isa = XCBuildConfiguration;
			baseConfigurationReference = 1A2387ADF722CA50A5D93096 /* Pods-menkyo.release.xcconfig */;
			buildSettings = {
				ALWAYS_SEARCH_USER_PATHS = NO;
				ASSETCATALOG_COMPILER_APPICON_NAME = AppIcon;
				CODE_SIGN_IDENTITY = "iPhone Distribution: PASSEND K.K. (5DVW6QFX47)";
				"CODE_SIGN_IDENTITY[sdk=iphoneos*]" = "iPhone Developer";
				DEVELOPMENT_TEAM = 5DVW6QFX47;
				FRAMEWORK_SEARCH_PATHS = (
					"$(inherited)",
					"$(PROJECT_DIR)/menkyo",
				);
				INFOPLIST_FILE = menkyo/Info.plist;
				LD_RUNPATH_SEARCH_PATHS = "$(inherited) @executable_path/Frameworks";
				PRODUCT_BUNDLE_IDENTIFIER = net.shikakun.menkyo.exam;
				PRODUCT_NAME = "$(TARGET_NAME)";
				PROVISIONING_PROFILE = "";
				SWIFT_OBJC_BRIDGING_HEADER = "$(SRCROOT)/$(PRODUCT)/menkyo/menkyo-Bridging-Header.h";
				SWIFT_VERSION = 3.0;
				TARGETED_DEVICE_FAMILY = "1,2";
			};
			name = Release;
		};
		2FFE46331D97D01300188C76 /* Debug */ = {
			isa = XCBuildConfiguration;
			baseConfigurationReference = B5A0BD02B84A73C33E1BD098 /* Pods-menkyoTests.debug.xcconfig */;
			buildSettings = {
				ALWAYS_EMBED_SWIFT_STANDARD_LIBRARIES = YES;
				BUNDLE_LOADER = "$(TEST_HOST)";
				INFOPLIST_FILE = menkyoTests/Info.plist;
				LD_RUNPATH_SEARCH_PATHS = "$(inherited) @executable_path/Frameworks @loader_path/Frameworks";
				PRODUCT_BUNDLE_IDENTIFIER = net.shikakun.menkyoTests;
				PRODUCT_NAME = "$(TARGET_NAME)";
				SWIFT_VERSION = 3.0;
				TEST_HOST = "$(BUILT_PRODUCTS_DIR)/menkyo.app/menkyo";
			};
			name = Debug;
		};
		2FFE46341D97D01300188C76 /* Release */ = {
			isa = XCBuildConfiguration;
			baseConfigurationReference = 569490710D916F9C3CEF109A /* Pods-menkyoTests.release.xcconfig */;
			buildSettings = {
				ALWAYS_EMBED_SWIFT_STANDARD_LIBRARIES = YES;
				BUNDLE_LOADER = "$(TEST_HOST)";
				INFOPLIST_FILE = menkyoTests/Info.plist;
				LD_RUNPATH_SEARCH_PATHS = "$(inherited) @executable_path/Frameworks @loader_path/Frameworks";
				PRODUCT_BUNDLE_IDENTIFIER = net.shikakun.menkyoTests;
				PRODUCT_NAME = "$(TARGET_NAME)";
				SWIFT_VERSION = 3.0;
				TEST_HOST = "$(BUILT_PRODUCTS_DIR)/menkyo.app/menkyo";
			};
			name = Release;
		};
		2FFE46361D97D01300188C76 /* Debug */ = {
			isa = XCBuildConfiguration;
			baseConfigurationReference = B4DD99264314FBD3A0F5EA18 /* Pods-menkyoUITests.debug.xcconfig */;
			buildSettings = {
				ALWAYS_EMBED_SWIFT_STANDARD_LIBRARIES = YES;
				INFOPLIST_FILE = menkyoUITests/Info.plist;
				LD_RUNPATH_SEARCH_PATHS = "$(inherited) @executable_path/Frameworks @loader_path/Frameworks";
				PRODUCT_BUNDLE_IDENTIFIER = net.shikakun.menkyoUITests;
				PRODUCT_NAME = "$(TARGET_NAME)";
				SWIFT_VERSION = 3.0;
				TEST_TARGET_NAME = menkyo;
			};
			name = Debug;
		};
		2FFE46371D97D01300188C76 /* Release */ = {
			isa = XCBuildConfiguration;
			baseConfigurationReference = 21A2DBCA945AD931783B9108 /* Pods-menkyoUITests.release.xcconfig */;
			buildSettings = {
				ALWAYS_EMBED_SWIFT_STANDARD_LIBRARIES = YES;
				INFOPLIST_FILE = menkyoUITests/Info.plist;
				LD_RUNPATH_SEARCH_PATHS = "$(inherited) @executable_path/Frameworks @loader_path/Frameworks";
				PRODUCT_BUNDLE_IDENTIFIER = net.shikakun.menkyoUITests;
				PRODUCT_NAME = "$(TARGET_NAME)";
				SWIFT_VERSION = 3.0;
				TEST_TARGET_NAME = menkyo;
			};
			name = Release;
		};
/* End XCBuildConfiguration section */

/* Begin XCConfigurationList section */
		2FFE46021D97D01300188C76 /* Build configuration list for PBXProject "menkyo" */ = {
			isa = XCConfigurationList;
			buildConfigurations = (
				2FFE462D1D97D01300188C76 /* Debug */,
				2FFE462E1D97D01300188C76 /* Release */,
			);
			defaultConfigurationIsVisible = 0;
			defaultConfigurationName = Release;
		};
		2FFE462F1D97D01300188C76 /* Build configuration list for PBXNativeTarget "menkyo" */ = {
			isa = XCConfigurationList;
			buildConfigurations = (
				2FFE46301D97D01300188C76 /* Debug */,
				2FFE46311D97D01300188C76 /* Release */,
			);
			defaultConfigurationIsVisible = 0;
			defaultConfigurationName = Release;
		};
		2FFE46321D97D01300188C76 /* Build configuration list for PBXNativeTarget "menkyoTests" */ = {
			isa = XCConfigurationList;
			buildConfigurations = (
				2FFE46331D97D01300188C76 /* Debug */,
				2FFE46341D97D01300188C76 /* Release */,
			);
			defaultConfigurationIsVisible = 0;
			defaultConfigurationName = Release;
		};
		2FFE46351D97D01300188C76 /* Build configuration list for PBXNativeTarget "menkyoUITests" */ = {
			isa = XCConfigurationList;
			buildConfigurations = (
				2FFE46361D97D01300188C76 /* Debug */,
				2FFE46371D97D01300188C76 /* Release */,
			);
			defaultConfigurationIsVisible = 0;
			defaultConfigurationName = Release;
		};
/* End XCConfigurationList section */
	};
	rootObject = 2FFE45FF1D97D01300188C76 /* Project object */;
}
