// !$*UTF8*$!
{
	archiveVersion = 1;
	classes = {
	};
	objectVersion = 46;
	objects = {

/* Begin PBXBuildFile section */
		2F6DEB4D1DA61A570014B72E /* InitialViewController.swift in Sources */ = {isa = PBXBuildFile; fileRef = 2F6DEB4C1DA61A570014B72E /* InitialViewController.swift */; };
		2F6DEB4F1DA62DB90014B72E /* RegistViewController.swift in Sources */ = {isa = PBXBuildFile; fileRef = 2F6DEB4E1DA62DB90014B72E /* RegistViewController.swift */; };
		2FAE933B1DBE0BBA005A0884 /* RegistTempEndViewController.swift in Sources */ = {isa = PBXBuildFile; fileRef = 2FAE933A1DBE0BBA005A0884 /* RegistTempEndViewController.swift */; };
		2FE39BDB1DC1C790007B1626 /* Common.swift in Sources */ = {isa = PBXBuildFile; fileRef = 2FE39BDA1DC1C790007B1626 /* Common.swift */; };
		2FFE460B1D97D01300188C76 /* AppDelegate.swift in Sources */ = {isa = PBXBuildFile; fileRef = 2FFE460A1D97D01300188C76 /* AppDelegate.swift */; };
		2FFE460D1D97D01300188C76 /* ViewController.swift in Sources */ = {isa = PBXBuildFile; fileRef = 2FFE460C1D97D01300188C76 /* ViewController.swift */; };
		2FFE46101D97D01300188C76 /* Main.storyboard in Resources */ = {isa = PBXBuildFile; fileRef = 2FFE460E1D97D01300188C76 /* Main.storyboard */; };
		2FFE46121D97D01300188C76 /* Assets.xcassets in Resources */ = {isa = PBXBuildFile; fileRef = 2FFE46111D97D01300188C76 /* Assets.xcassets */; };
		2FFE46151D97D01300188C76 /* LaunchScreen.storyboard in Resources */ = {isa = PBXBuildFile; fileRef = 2FFE46131D97D01300188C76 /* LaunchScreen.storyboard */; };
		2FFE46201D97D01300188C76 /* menkyoTests.swift in Sources */ = {isa = PBXBuildFile; fileRef = 2FFE461F1D97D01300188C76 /* menkyoTests.swift */; };
		2FFE462B1D97D01300188C76 /* menkyoUITests.swift in Sources */ = {isa = PBXBuildFile; fileRef = 2FFE462A1D97D01300188C76 /* menkyoUITests.swift */; };
/* End PBXBuildFile section */

/* Begin PBXContainerItemProxy section */
		2FFE461C1D97D01300188C76 /* PBXContainerItemProxy */ = {
			isa = PBXContainerItemProxy;
			containerPortal = 2FFE45FF1D97D01300188C76 /* Project object */;
			proxyType = 1;
			remoteGlobalIDString = 2FFE46061D97D01300188C76;
			remoteInfo = menkyo;
		};
		2FFE46271D97D01300188C76 /* PBXContainerItemProxy */ = {
			isa = PBXContainerItemProxy;
			containerPortal = 2FFE45FF1D97D01300188C76 /* Project object */;
			proxyType = 1;
			remoteGlobalIDString = 2FFE46061D97D01300188C76;
			remoteInfo = menkyo;
		};
/* End PBXContainerItemProxy section */

/* Begin PBXFileReference section */
		2F6DEB4C1DA61A570014B72E /* InitialViewController.swift */ = {isa = PBXFileReference; fileEncoding = 4; lastKnownFileType = sourcecode.swift; path = InitialViewController.swift; sourceTree = "<group>"; };
		2F6DEB4E1DA62DB90014B72E /* RegistViewController.swift */ = {isa = PBXFileReference; fileEncoding = 4; lastKnownFileType = sourcecode.swift; lineEnding = 0; path = RegistViewController.swift; sourceTree = "<group>"; xcLanguageSpecificationIdentifier = xcode.lang.swift; };
		2FAE933A1DBE0BBA005A0884 /* RegistTempEndViewController.swift */ = {isa = PBXFileReference; fileEncoding = 4; lastKnownFileType = sourcecode.swift; path = RegistTempEndViewController.swift; sourceTree = "<group>"; };
		2FE39BDA1DC1C790007B1626 /* Common.swift */ = {isa = PBXFileReference; fileEncoding = 4; lastKnownFileType = sourcecode.swift; path = Common.swift; sourceTree = "<group>"; };
		2FFE46071D97D01300188C76 /* menkyo.app */ = {isa = PBXFileReference; explicitFileType = wrapper.application; includeInIndex = 0; path = menkyo.app; sourceTree = BUILT_PRODUCTS_DIR; };
		2FFE460A1D97D01300188C76 /* AppDelegate.swift */ = {isa = PBXFileReference; lastKnownFileType = sourcecode.swift; path = AppDelegate.swift; sourceTree = "<group>"; };
		2FFE460C1D97D01300188C76 /* ViewController.swift */ = {isa = PBXFileReference; lastKnownFileType = sourcecode.swift; path = ViewController.swift; sourceTree = "<group>"; };
		2FFE460F1D97D01300188C76 /* Base */ = {isa = PBXFileReference; lastKnownFileType = file.storyboard; name = Base; path = Base.lproj/Main.storyboard; sourceTree = "<group>"; };
		2FFE46111D97D01300188C76 /* Assets.xcassets */ = {isa = PBXFileReference; lastKnownFileType = folder.assetcatalog; path = Assets.xcassets; sourceTree = "<group>"; };
		2FFE46141D97D01300188C76 /* Base */ = {isa = PBXFileReference; lastKnownFileType = file.storyboard; name = Base; path = Base.lproj/LaunchScreen.storyboard; sourceTree = "<group>"; };
		2FFE46161D97D01300188C76 /* Info.plist */ = {isa = PBXFileReference; lastKnownFileType = text.plist.xml; path = Info.plist; sourceTree = "<group>"; };
		2FFE461B1D97D01300188C76 /* menkyoTests.xctest */ = {isa = PBXFileReference; explicitFileType = wrapper.cfbundle; includeInIndex = 0; path = menkyoTests.xctest; sourceTree = BUILT_PRODUCTS_DIR; };
		2FFE461F1D97D01300188C76 /* menkyoTests.swift */ = {isa = PBXFileReference; lastKnownFileType = sourcecode.swift; path = menkyoTests.swift; sourceTree = "<group>"; };
		2FFE46211D97D01300188C76 /* Info.plist */ = {isa = PBXFileReference; lastKnownFileType = text.plist.xml; path = Info.plist; sourceTree = "<group>"; };
		2FFE46261D97D01300188C76 /* menkyoUITests.xctest */ = {isa = PBXFileReference; explicitFileType = wrapper.cfbundle; includeInIndex = 0; path = menkyoUITests.xctest; sourceTree = BUILT_PRODUCTS_DIR; };
		2FFE462A1D97D01300188C76 /* menkyoUITests.swift */ = {isa = PBXFileReference; lastKnownFileType = sourcecode.swift; path = menkyoUITests.swift; sourceTree = "<group>"; };
		2FFE462C1D97D01300188C76 /* Info.plist */ = {isa = PBXFileReference; lastKnownFileType = text.plist.xml; path = Info.plist; sourceTree = "<group>"; };
/* End PBXFileReference section */

/* Begin PBXFrameworksBuildPhase section */
		2FFE46041D97D01300188C76 /* Frameworks */ = {
			isa = PBXFrameworksBuildPhase;
			buildActionMask = 2147483647;
			files = (
			);
			runOnlyForDeploymentPostprocessing = 0;
		};
		2FFE46181D97D01300188C76 /* Frameworks */ = {
			isa = PBXFrameworksBuildPhase;
			buildActionMask = 2147483647;
			files = (
			);
			runOnlyForDeploymentPostprocessing = 0;
		};
		2FFE46231D97D01300188C76 /* Frameworks */ = {
			isa = PBXFrameworksBuildPhase;
			buildActionMask = 2147483647;
			files = (
			);
			runOnlyForDeploymentPostprocessing = 0;
		};
/* End PBXFrameworksBuildPhase section */

/* Begin PBXGroup section */
		2FFE45FE1D97D01300188C76 = {
			isa = PBXGroup;
			children = (
				2FFE46091D97D01300188C76 /* menkyo */,
				2FFE461E1D97D01300188C76 /* menkyoTests */,
				2FFE46291D97D01300188C76 /* menkyoUITests */,
				2FFE46081D97D01300188C76 /* Products */,
			);
			sourceTree = "<group>";
		};
		2FFE46081D97D01300188C76 /* Products */ = {
			isa = PBXGroup;
			children = (
				2FFE46071D97D01300188C76 /* menkyo.app */,
				2FFE461B1D97D01300188C76 /* menkyoTests.xctest */,
				2FFE46261D97D01300188C76 /* menkyoUITests.xctest */,
			);
			name = Products;
			sourceTree = "<group>";
		};
		2FFE46091D97D01300188C76 /* menkyo */ = {
			isa = PBXGroup;
			children = (
				2FFE460A1D97D01300188C76 /* AppDelegate.swift */,
				2FFE460C1D97D01300188C76 /* ViewController.swift */,
				2FFE460E1D97D01300188C76 /* Main.storyboard */,
				2FAE933A1DBE0BBA005A0884 /* RegistTempEndViewController.swift */,
				2F6DEB4C1DA61A570014B72E /* InitialViewController.swift */,
				2F6DEB4E1DA62DB90014B72E /* RegistViewController.swift */,
				2FE39BDA1DC1C790007B1626 /* Common.swift */,
				2FFE46111D97D01300188C76 /* Assets.xcassets */,
				2FFE46131D97D01300188C76 /* LaunchScreen.storyboard */,
				2FFE46161D97D01300188C76 /* Info.plist */,
			);
			path = menkyo;
			sourceTree = "<group>";
		};
		2FFE461E1D97D01300188C76 /* menkyoTests */ = {
			isa = PBXGroup;
			children = (
				2FFE461F1D97D01300188C76 /* menkyoTests.swift */,
				2FFE46211D97D01300188C76 /* Info.plist */,
			);
			path = menkyoTests;
			sourceTree = "<group>";
		};
		2FFE46291D97D01300188C76 /* menkyoUITests */ = {
			isa = PBXGroup;
			children = (
				2FFE462A1D97D01300188C76 /* menkyoUITests.swift */,
				2FFE462C1D97D01300188C76 /* Info.plist */,
			);
			path = menkyoUITests;
			sourceTree = "<group>";
		};
/* End PBXGroup section */

/* Begin PBXNativeTarget section */
		2FFE46061D97D01300188C76 /* menkyo */ = {
			isa = PBXNativeTarget;
			buildConfigurationList = 2FFE462F1D97D01300188C76 /* Build configuration list for PBXNativeTarget "menkyo" */;
			buildPhases = (
				2FFE46031D97D01300188C76 /* Sources */,
				2FFE46041D97D01300188C76 /* Frameworks */,
				2FFE46051D97D01300188C76 /* Resources */,
			);
			buildRules = (
			);
			dependencies = (
			);
			name = menkyo;
			productName = menkyo;
			productReference = 2FFE46071D97D01300188C76 /* menkyo.app */;
			productType = "com.apple.product-type.application";
		};
		2FFE461A1D97D01300188C76 /* menkyoTests */ = {
			isa = PBXNativeTarget;
			buildConfigurationList = 2FFE46321D97D01300188C76 /* Build configuration list for PBXNativeTarget "menkyoTests" */;
			buildPhases = (
				2FFE46171D97D01300188C76 /* Sources */,
				2FFE46181D97D01300188C76 /* Frameworks */,
				2FFE46191D97D01300188C76 /* Resources */,
			);
			buildRules = (
			);
			dependencies = (
				2FFE461D1D97D01300188C76 /* PBXTargetDependency */,
			);
			name = menkyoTests;
			productName = menkyoTests;
			productReference = 2FFE461B1D97D01300188C76 /* menkyoTests.xctest */;
			productType = "com.apple.product-type.bundle.unit-test";
		};
		2FFE46251D97D01300188C76 /* menkyoUITests */ = {
			isa = PBXNativeTarget;
			buildConfigurationList = 2FFE46351D97D01300188C76 /* Build configuration list for PBXNativeTarget "menkyoUITests" */;
			buildPhases = (
				2FFE46221D97D01300188C76 /* Sources */,
				2FFE46231D97D01300188C76 /* Frameworks */,
				2FFE46241D97D01300188C76 /* Resources */,
			);
			buildRules = (
			);
			dependencies = (
				2FFE46281D97D01300188C76 /* PBXTargetDependency */,
			);
			name = menkyoUITests;
			productName = menkyoUITests;
			productReference = 2FFE46261D97D01300188C76 /* menkyoUITests.xctest */;
			productType = "com.apple.product-type.bundle.ui-testing";
		};
/* End PBXNativeTarget section */

/* Begin PBXProject section */
		2FFE45FF1D97D01300188C76 /* Project object */ = {
			isa = PBXProject;
			attributes = {
				LastSwiftUpdateCheck = 0800;
				LastUpgradeCheck = 0800;
				ORGANIZATIONNAME = infosquare;
				TargetAttributes = {
					2FFE46061D97D01300188C76 = {
						CreatedOnToolsVersion = 8.0;
						ProvisioningStyle = Automatic;
					};
					2FFE461A1D97D01300188C76 = {
						CreatedOnToolsVersion = 8.0;
						ProvisioningStyle = Automatic;
						TestTargetID = 2FFE46061D97D01300188C76;
					};
					2FFE46251D97D01300188C76 = {
						CreatedOnToolsVersion = 8.0;
						ProvisioningStyle = Automatic;
						TestTargetID = 2FFE46061D97D01300188C76;
					};
				};
			};
			buildConfigurationList = 2FFE46021D97D01300188C76 /* Build configuration list for PBXProject "menkyo" */;
			compatibilityVersion = "Xcode 3.2";
			developmentRegion = English;
			hasScannedForEncodings = 0;
			knownRegions = (
				en,
				Base,
			);
			mainGroup = 2FFE45FE1D97D01300188C76;
			productRefGroup = 2FFE46081D97D01300188C76 /* Products */;
			projectDirPath = "";
			projectRoot = "";
			targets = (
				2FFE46061D97D01300188C76 /* menkyo */,
				2FFE461A1D97D01300188C76 /* menkyoTests */,
				2FFE46251D97D01300188C76 /* menkyoUITests */,
			);
		};
/* End PBXProject section */

/* Begin PBXResourcesBuildPhase section */
		2FFE46051D97D01300188C76 /* Resources */ = {
			isa = PBXResourcesBuildPhase;
			buildActionMask = 2147483647;
			files = (
				2FFE46151D97D01300188C76 /* LaunchScreen.storyboard in Resources */,
				2FFE46121D97D01300188C76 /* Assets.xcassets in Resources */,
				2FFE46101D97D01300188C76 /* Main.storyboard in Resources */,
			);
			runOnlyForDeploymentPostprocessing = 0;
		};
		2FFE46191D97D01300188C76 /* Resources */ = {
			isa = PBXResourcesBuildPhase;
			buildActionMask = 2147483647;
			files = (
			);
			runOnlyForDeploymentPostprocessing = 0;
		};
		2FFE46241D97D01300188C76 /* Resources */ = {
			isa = PBXResourcesBuildPhase;
			buildActionMask = 2147483647;
			files = (
			);
			runOnlyForDeploymentPostprocessing = 0;
		};
/* End PBXResourcesBuildPhase section */

/* Begin PBXSourcesBuildPhase section */
		2FFE46031D97D01300188C76 /* Sources */ = {
			isa = PBXSourcesBuildPhase;
			buildActionMask = 2147483647;
			files = (
				2F6DEB4D1DA61A570014B72E /* InitialViewController.swift in Sources */,
				2FFE460D1D97D01300188C76 /* ViewController.swift in Sources */,
				2FAE933B1DBE0BBA005A0884 /* RegistTempEndViewController.swift in Sources */,
				2F6DEB4F1DA62DB90014B72E /* RegistViewController.swift in Sources */,
				2FE39BDB1DC1C790007B1626 /* Common.swift in Sources */,
				2FFE460B1D97D01300188C76 /* AppDelegate.swift in Sources */,
			);
			runOnlyForDeploymentPostprocessing = 0;
		};
		2FFE46171D97D01300188C76 /* Sources */ = {
			isa = PBXSourcesBuildPhase;
			buildActionMask = 2147483647;
			files = (
				2FFE46201D97D01300188C76 /* menkyoTests.swift in Sources */,
			);
			runOnlyForDeploymentPostprocessing = 0;
		};
		2FFE46221D97D01300188C76 /* Sources */ = {
			isa = PBXSourcesBuildPhase;
			buildActionMask = 2147483647;
			files = (
				2FFE462B1D97D01300188C76 /* menkyoUITests.swift in Sources */,
			);
			runOnlyForDeploymentPostprocessing = 0;
		};
/* End PBXSourcesBuildPhase section */

/* Begin PBXTargetDependency section */
		2FFE461D1D97D01300188C76 /* PBXTargetDependency */ = {
			isa = PBXTargetDependency;
			target = 2FFE46061D97D01300188C76 /* menkyo */;
			targetProxy = 2FFE461C1D97D01300188C76 /* PBXContainerItemProxy */;
		};
		2FFE46281D97D01300188C76 /* PBXTargetDependency */ = {
			isa = PBXTargetDependency;
			target = 2FFE46061D97D01300188C76 /* menkyo */;
			targetProxy = 2FFE46271D97D01300188C76 /* PBXContainerItemProxy */;
		};
/* End PBXTargetDependency section */

/* Begin PBXVariantGroup section */
		2FFE460E1D97D01300188C76 /* Main.storyboard */ = {
			isa = PBXVariantGroup;
			children = (
				2FFE460F1D97D01300188C76 /* Base */,
			);
			name = Main.storyboard;
			sourceTree = "<group>";
		};
		2FFE46131D97D01300188C76 /* LaunchScreen.storyboard */ = {
			isa = PBXVariantGroup;
			children = (
				2FFE46141D97D01300188C76 /* Base */,
			);
			name = LaunchScreen.storyboard;
			sourceTree = "<group>";
		};
/* End PBXVariantGroup section */

/* Begin XCBuildConfiguration section */
		2FFE462D1D97D01300188C76 /* Debug */ = {
			isa = XCBuildConfiguration;
			buildSettings = {
				ALWAYS_SEARCH_USER_PATHS = NO;
				CLANG_ANALYZER_NONNULL = YES;
				CLANG_CXX_LANGUAGE_STANDARD = "gnu++0x";
				CLANG_CXX_LIBRARY = "libc++";
				CLANG_ENABLE_MODULES = YES;
				CLANG_ENABLE_OBJC_ARC = YES;
				CLANG_WARN_BOOL_CONVERSION = YES;
				CLANG_WARN_CONSTANT_CONVERSION = YES;
				CLANG_WARN_DIRECT_OBJC_ISA_USAGE = YES_ERROR;
				CLANG_WARN_DOCUMENTATION_COMMENTS = YES;
				CLANG_WARN_EMPTY_BODY = YES;
				CLANG_WARN_ENUM_CONVERSION = YES;
				CLANG_WARN_INFINITE_RECURSION = YES;
				CLANG_WARN_INT_CONVERSION = YES;
				CLANG_WARN_OBJC_ROOT_CLASS = YES_ERROR;
				CLANG_WARN_SUSPICIOUS_MOVES = YES;
				CLANG_WARN_UNREACHABLE_CODE = YES;
				CLANG_WARN__DUPLICATE_METHOD_MATCH = YES;
				"CODE_SIGN_IDENTITY[sdk=iphoneos*]" = "iPhone Developer";
				COPY_PHASE_STRIP = NO;
				DEBUG_INFORMATION_FORMAT = dwarf;
				ENABLE_STRICT_OBJC_MSGSEND = YES;
				ENABLE_TESTABILITY = YES;
				GCC_C_LANGUAGE_STANDARD = gnu99;
				GCC_DYNAMIC_NO_PIC = NO;
				GCC_NO_COMMON_BLOCKS = YES;
				GCC_OPTIMIZATION_LEVEL = 0;
				GCC_PREPROCESSOR_DEFINITIONS = (
					"DEBUG=1",
					"$(inherited)",
				);
				GCC_WARN_64_TO_32_BIT_CONVERSION = YES;
				GCC_WARN_ABOUT_RETURN_TYPE = YES_ERROR;
				GCC_WARN_UNDECLARED_SELECTOR = YES;
				GCC_WARN_UNINITIALIZED_AUTOS = YES_AGGRESSIVE;
				GCC_WARN_UNUSED_FUNCTION = YES;
				GCC_WARN_UNUSED_VARIABLE = YES;
				IPHONEOS_DEPLOYMENT_TARGET = 10.0;
				MTL_ENABLE_DEBUG_INFO = YES;
				ONLY_ACTIVE_ARCH = YES;
				SDKROOT = iphoneos;
				SWIFT_ACTIVE_COMPILATION_CONDITIONS = DEBUG;
				SWIFT_OPTIMIZATION_LEVEL = "-Onone";
			};
			name = Debug;
		};
		2FFE462E1D97D01300188C76 /* Release */ = {
			isa = XCBuildConfiguration;
			buildSettings = {
				ALWAYS_SEARCH_USER_PATHS = NO;
				CLANG_ANALYZER_NONNULL = YES;
				CLANG_CXX_LANGUAGE_STANDARD = "gnu++0x";
				CLANG_CXX_LIBRARY = "libc++";
				CLANG_ENABLE_MODULES = YES;
				CLANG_ENABLE_OBJC_ARC = YES;
				CLANG_WARN_BOOL_CONVERSION = YES;
				CLANG_WARN_CONSTANT_CONVERSION = YES;
				CLANG_WARN_DIRECT_OBJC_ISA_USAGE = YES_ERROR;
				CLANG_WARN_DOCUMENTATION_COMMENTS = YES;
				CLANG_WARN_EMPTY_BODY = YES;
				CLANG_WARN_ENUM_CONVERSION = YES;
				CLANG_WARN_INFINITE_RECURSION = YES;
				CLANG_WARN_INT_CONVERSION = YES;
				CLANG_WARN_OBJC_ROOT_CLASS = YES_ERROR;
				CLANG_WARN_SUSPICIOUS_MOVES = YES;
				CLANG_WARN_UNREACHABLE_CODE = YES;
				CLANG_WARN__DUPLICATE_METHOD_MATCH = YES;
				"CODE_SIGN_IDENTITY[sdk=iphoneos*]" = "iPhone Developer";
				COPY_PHASE_STRIP = NO;
				DEBUG_INFORMATION_FORMAT = "dwarf-with-dsym";
				ENABLE_NS_ASSERTIONS = NO;
				ENABLE_STRICT_OBJC_MSGSEND = YES;
				GCC_C_LANGUAGE_STANDARD = gnu99;
				GCC_NO_COMMON_BLOCKS = YES;
				GCC_WARN_64_TO_32_BIT_CONVERSION = YES;
				GCC_WARN_ABOUT_RETURN_TYPE = YES_ERROR;
				GCC_WARN_UNDECLARED_SELECTOR = YES;
				GCC_WARN_UNINITIALIZED_AUTOS = YES_AGGRESSIVE;
				GCC_WARN_UNUSED_FUNCTION = YES;
				GCC_WARN_UNUSED_VARIABLE = YES;
				IPHONEOS_DEPLOYMENT_TARGET = 10.0;
				MTL_ENABLE_DEBUG_INFO = NO;
				SDKROOT = iphoneos;
				SWIFT_OPTIMIZATION_LEVEL = "-Owholemodule";
				VALIDATE_PRODUCT = YES;
			};
			name = Release;
		};
		2FFE46301D97D01300188C76 /* Debug */ = {
			isa = XCBuildConfiguration;
			buildSettings = {
				ASSETCATALOG_COMPILER_APPICON_NAME = AppIcon;
				INFOPLIST_FILE = menkyo/Info.plist;
				LD_RUNPATH_SEARCH_PATHS = "$(inherited) @executable_path/Frameworks";
				PRODUCT_BUNDLE_IDENTIFIER = net.shikakun.menkyo;
				PRODUCT_NAME = "$(TARGET_NAME)";
				SWIFT_VERSION = 3.0;
			};
			name = Debug;
		};
		2FFE46311D97D01300188C76 /* Release */ = {
			isa = XCBuildConfiguration;
			buildSettings = {
				ASSETCATALOG_COMPILER_APPICON_NAME = AppIcon;
				INFOPLIST_FILE = menkyo/Info.plist;
				LD_RUNPATH_SEARCH_PATHS = "$(inherited) @executable_path/Frameworks";
				PRODUCT_BUNDLE_IDENTIFIER = net.shikakun.menkyo;
				PRODUCT_NAME = "$(TARGET_NAME)";
				SWIFT_VERSION = 3.0;
			};
			name = Release;
		};
		2FFE46331D97D01300188C76 /* Debug */ = {
			isa = XCBuildConfiguration;
			buildSettings = {
				ALWAYS_EMBED_SWIFT_STANDARD_LIBRARIES = YES;
				BUNDLE_LOADER = "$(TEST_HOST)";
				INFOPLIST_FILE = menkyoTests/Info.plist;
				LD_RUNPATH_SEARCH_PATHS = "$(inherited) @executable_path/Frameworks @loader_path/Frameworks";
				PRODUCT_BUNDLE_IDENTIFIER = net.shikakun.menkyoTests;
				PRODUCT_NAME = "$(TARGET_NAME)";
				SWIFT_VERSION = 3.0;
				TEST_HOST = "$(BUILT_PRODUCTS_DIR)/menkyo.app/menkyo";
			};
			name = Debug;
		};
		2FFE46341D97D01300188C76 /* Release */ = {
			isa = XCBuildConfiguration;
			buildSettings = {
				ALWAYS_EMBED_SWIFT_STANDARD_LIBRARIES = YES;
				BUNDLE_LOADER = "$(TEST_HOST)";
				INFOPLIST_FILE = menkyoTests/Info.plist;
				LD_RUNPATH_SEARCH_PATHS = "$(inherited) @executable_path/Frameworks @loader_path/Frameworks";
				PRODUCT_BUNDLE_IDENTIFIER = net.shikakun.menkyoTests;
				PRODUCT_NAME = "$(TARGET_NAME)";
				SWIFT_VERSION = 3.0;
				TEST_HOST = "$(BUILT_PRODUCTS_DIR)/menkyo.app/menkyo";
			};
			name = Release;
		};
		2FFE46361D97D01300188C76 /* Debug */ = {
			isa = XCBuildConfiguration;
			buildSettings = {
				ALWAYS_EMBED_SWIFT_STANDARD_LIBRARIES = YES;
				INFOPLIST_FILE = menkyoUITests/Info.plist;
				LD_RUNPATH_SEARCH_PATHS = "$(inherited) @executable_path/Frameworks @loader_path/Frameworks";
				PRODUCT_BUNDLE_IDENTIFIER = net.shikakun.menkyoUITests;
				PRODUCT_NAME = "$(TARGET_NAME)";
				SWIFT_VERSION = 3.0;
				TEST_TARGET_NAME = menkyo;
			};
			name = Debug;
		};
		2FFE46371D97D01300188C76 /* Release */ = {
			isa = XCBuildConfiguration;
			buildSettings = {
				ALWAYS_EMBED_SWIFT_STANDARD_LIBRARIES = YES;
				INFOPLIST_FILE = menkyoUITests/Info.plist;
				LD_RUNPATH_SEARCH_PATHS = "$(inherited) @executable_path/Frameworks @loader_path/Frameworks";
				PRODUCT_BUNDLE_IDENTIFIER = net.shikakun.menkyoUITests;
				PRODUCT_NAME = "$(TARGET_NAME)";
				SWIFT_VERSION = 3.0;
				TEST_TARGET_NAME = menkyo;
			};
			name = Release;
		};
/* End XCBuildConfiguration section */

/* Begin XCConfigurationList section */
		2FFE46021D97D01300188C76 /* Build configuration list for PBXProject "menkyo" */ = {
			isa = XCConfigurationList;
			buildConfigurations = (
				2FFE462D1D97D01300188C76 /* Debug */,
				2FFE462E1D97D01300188C76 /* Release */,
			);
			defaultConfigurationIsVisible = 0;
			defaultConfigurationName = Release;
		};
		2FFE462F1D97D01300188C76 /* Build configuration list for PBXNativeTarget "menkyo" */ = {
			isa = XCConfigurationList;
			buildConfigurations = (
				2FFE46301D97D01300188C76 /* Debug */,
				2FFE46311D97D01300188C76 /* Release */,
			);
			defaultConfigurationIsVisible = 0;
			defaultConfigurationName = Release;
		};
		2FFE46321D97D01300188C76 /* Build configuration list for PBXNativeTarget "menkyoTests" */ = {
			isa = XCConfigurationList;
			buildConfigurations = (
				2FFE46331D97D01300188C76 /* Debug */,
				2FFE46341D97D01300188C76 /* Release */,
			);
			defaultConfigurationIsVisible = 0;
			defaultConfigurationName = Release;
		};
		2FFE46351D97D01300188C76 /* Build configuration list for PBXNativeTarget "menkyoUITests" */ = {
			isa = XCConfigurationList;
			buildConfigurations = (
				2FFE46361D97D01300188C76 /* Debug */,
				2FFE46371D97D01300188C76 /* Release */,
			);
			defaultConfigurationIsVisible = 0;
			defaultConfigurationName = Release;
		};
/* End XCConfigurationList section */
	};
	rootObject = 2FFE45FF1D97D01300188C76 /* Project object */;
}
